{
	"name": "@pluginsdotdev/react-host",
	"version": "0.0.1",
	"lockfileVersion": 1,
	"requires": true,
	"dependencies": {
		"@pluginsdotdev/bridge": {
			"version": "file:../bridge",
			"requires": {
				"loose-envify": "^1.4.0"
			},
			"dependencies": {
				"@pluginsdotdev/test-utils": {
					"version": "0.0.0"
				},
				"js-tokens": {
					"version": "4.0.0",
					"resolved": "https://registry.npmjs.org/js-tokens/-/js-tokens-4.0.0.tgz",
					"integrity": "sha512-RdJUflcE3cUzKiMqQgsCu06FPu9UdIJO0beYbPhHN4k6apgJtifcoCtT9bcxOpYBtpD2kCM6Sbzg4CausW/PKQ=="
				},
				"loose-envify": {
					"version": "1.4.0",
					"resolved": "https://registry.npmjs.org/loose-envify/-/loose-envify-1.4.0.tgz",
					"integrity": "sha512-lyuxPGr/Wfhrlem2CL/UcnUc1zcqKAImBDzukY7Y5F/yQiNdko6+fRLevlw1HgMySw7f611UIY408EtxRSoK3Q==",
					"requires": {
						"js-tokens": "^3.0.0 || ^4.0.0"
					}
				}
			}
		},
		"@pluginsdotdev/react-plugin": {
			"version": "file:../react-plugin",
			"dev": true,
			"requires": {
				"@pluginsdotdev/bridge": "file:../bridge",
				"@pluginsdotdev/plugin": "file:../plugin",
				"react": "^16.13.1",
				"react-reconciler": "^0.25.1"
			},
			"dependencies": {
				"@pluginsdotdev/bridge": {
					"version": "file:../bridge",
					"dev": true,
					"requires": {
						"loose-envify": "^1.4.0"
					},
					"dependencies": {
						"@pluginsdotdev/test-utils": {
							"version": "0.0.0"
						},
						"js-tokens": {
							"version": "4.0.0",
							"resolved": "https://registry.npmjs.org/js-tokens/-/js-tokens-4.0.0.tgz",
							"integrity": "sha512-RdJUflcE3cUzKiMqQgsCu06FPu9UdIJO0beYbPhHN4k6apgJtifcoCtT9bcxOpYBtpD2kCM6Sbzg4CausW/PKQ==",
							"dev": true
						},
						"loose-envify": {
							"version": "1.4.0",
							"resolved": "https://registry.npmjs.org/loose-envify/-/loose-envify-1.4.0.tgz",
							"integrity": "sha512-lyuxPGr/Wfhrlem2CL/UcnUc1zcqKAImBDzukY7Y5F/yQiNdko6+fRLevlw1HgMySw7f611UIY408EtxRSoK3Q==",
							"dev": true,
							"requires": {
								"js-tokens": "^3.0.0 || ^4.0.0"
							}
						}
					}
				},
				"@pluginsdotdev/plugin": {
					"version": "file:../plugin",
					"dev": true,
					"requires": {
						"@pluginsdotdev/bridge": "file:../bridge",
						"@pluginsdotdev/style-utils": "file:../style-utils",
						"url": "^0.11.0"
					},
					"dependencies": {
						"@pluginsdotdev/bridge": {
							"version": "file:../bridge",
							"dev": true,
							"requires": {
								"loose-envify": "^1.4.0"
							},
							"dependencies": {
								"@pluginsdotdev/test-utils": {
									"version": "0.0.0"
								},
								"js-tokens": {
									"version": "4.0.0",
									"resolved": "https://registry.npmjs.org/js-tokens/-/js-tokens-4.0.0.tgz",
									"integrity": "sha512-RdJUflcE3cUzKiMqQgsCu06FPu9UdIJO0beYbPhHN4k6apgJtifcoCtT9bcxOpYBtpD2kCM6Sbzg4CausW/PKQ==",
									"dev": true
								},
								"loose-envify": {
									"version": "1.4.0",
									"resolved": "https://registry.npmjs.org/loose-envify/-/loose-envify-1.4.0.tgz",
									"integrity": "sha512-lyuxPGr/Wfhrlem2CL/UcnUc1zcqKAImBDzukY7Y5F/yQiNdko6+fRLevlw1HgMySw7f611UIY408EtxRSoK3Q==",
									"dev": true,
									"requires": {
										"js-tokens": "^3.0.0 || ^4.0.0"
									}
								}
							}
						},
						"@pluginsdotdev/style-utils": {
							"version": "file:../style-utils",
							"dev": true,
							"requires": {
								"@pluginsdotdev/sanitizers": "file:../sanitizers"
							},
							"dependencies": {
								"@pluginsdotdev/sanitizers": {
									"version": "file:../sanitizers",
									"dev": true,
									"requires": {
										"murmurhash-js": "^1.0.0",
										"url": "^0.11.0"
									},
									"dependencies": {
										"@pluginsdotdev/style-types": {
											"version": "0.0.1"
										},
										"murmurhash-js": {
											"version": "1.0.0",
											"resolved": "https://registry.npmjs.org/murmurhash-js/-/murmurhash-js-1.0.0.tgz",
											"integrity": "sha1-sGJ44h/Gw3+lMTcysEEry2rhX1E=",
											"dev": true
										},
										"punycode": {
											"version": "1.3.2",
											"resolved": "https://registry.npmjs.org/punycode/-/punycode-1.3.2.tgz",
											"integrity": "sha1-llOgNvt8HuQjQvIyXM7v6jkmxI0=",
											"dev": true
										},
										"querystring": {
											"version": "0.2.0",
											"resolved": "https://registry.npmjs.org/querystring/-/querystring-0.2.0.tgz",
											"integrity": "sha1-sgmEkgO7Jd+CDadW50cAWHhSFiA=",
											"dev": true
										},
										"url": {
											"version": "0.11.0",
											"resolved": "https://registry.npmjs.org/url/-/url-0.11.0.tgz",
											"integrity": "sha1-ODjpfPxgUh63PFJajlW/3Z4uKPE=",
											"dev": true,
											"requires": {
												"punycode": "1.3.2",
												"querystring": "0.2.0"
											}
										}
									}
								}
							}
						},
						"@pluginsdotdev/test-utils": {
							"version": "0.0.0"
						},
						"punycode": {
							"version": "1.3.2",
							"resolved": "https://registry.npmjs.org/punycode/-/punycode-1.3.2.tgz",
							"integrity": "sha1-llOgNvt8HuQjQvIyXM7v6jkmxI0=",
							"dev": true
						},
						"querystring": {
							"version": "0.2.0",
							"resolved": "https://registry.npmjs.org/querystring/-/querystring-0.2.0.tgz",
							"integrity": "sha1-sgmEkgO7Jd+CDadW50cAWHhSFiA=",
							"dev": true
						},
						"url": {
							"version": "0.11.0",
							"resolved": "https://registry.npmjs.org/url/-/url-0.11.0.tgz",
							"integrity": "sha1-ODjpfPxgUh63PFJajlW/3Z4uKPE=",
							"dev": true,
							"requires": {
								"punycode": "1.3.2",
								"querystring": "0.2.0"
							}
						}
					}
				},
				"@pluginsdotdev/test-utils": {
					"version": "0.0.0"
				},
				"js-tokens": {
					"version": "4.0.0",
					"resolved": "https://registry.npmjs.org/js-tokens/-/js-tokens-4.0.0.tgz",
					"integrity": "sha512-RdJUflcE3cUzKiMqQgsCu06FPu9UdIJO0beYbPhHN4k6apgJtifcoCtT9bcxOpYBtpD2kCM6Sbzg4CausW/PKQ==",
					"dev": true
				},
				"loose-envify": {
					"version": "1.4.0",
					"resolved": "https://registry.npmjs.org/loose-envify/-/loose-envify-1.4.0.tgz",
					"integrity": "sha512-lyuxPGr/Wfhrlem2CL/UcnUc1zcqKAImBDzukY7Y5F/yQiNdko6+fRLevlw1HgMySw7f611UIY408EtxRSoK3Q==",
					"dev": true,
					"requires": {
						"js-tokens": "^3.0.0 || ^4.0.0"
					}
				},
				"object-assign": {
					"version": "4.1.1",
					"resolved": "https://registry.npmjs.org/object-assign/-/object-assign-4.1.1.tgz",
					"integrity": "sha1-IQmtx5ZYh8/AXLvUQsrIv7s2CGM=",
					"dev": true
				},
				"prop-types": {
					"version": "15.7.2",
					"resolved": "https://registry.npmjs.org/prop-types/-/prop-types-15.7.2.tgz",
					"integrity": "sha512-8QQikdH7//R2vurIJSutZ1smHYTcLpRWEOlHnzcWHmBYrOGUysKwSsrC89BCiFj3CbrfJ/nXFdJepOVrY1GCHQ==",
					"dev": true,
					"requires": {
						"loose-envify": "^1.4.0",
						"object-assign": "^4.1.1",
						"react-is": "^16.8.1"
					}
				},
				"react": {
					"version": "16.14.0",
					"resolved": "https://registry.npmjs.org/react/-/react-16.14.0.tgz",
					"integrity": "sha512-0X2CImDkJGApiAlcf0ODKIneSwBPhqJawOa5wCtKbu7ZECrmS26NvtSILynQ66cgkT/RJ4LidJOc3bUESwmU8g==",
					"dev": true,
					"requires": {
						"loose-envify": "^1.1.0",
						"object-assign": "^4.1.1",
						"prop-types": "^15.6.2"
					}
				},
				"react-is": {
					"version": "16.13.1",
					"resolved": "https://registry.npmjs.org/react-is/-/react-is-16.13.1.tgz",
					"integrity": "sha512-24e6ynE2H+OKt4kqsOvNd8kBpV65zoxbA4BVsEOB3ARVWQki/DHzaUoC5KuON/BiccDaCCTZBuOcfZs70kR8bQ==",
					"dev": true
				},
				"react-reconciler": {
					"version": "0.25.1",
					"resolved": "https://registry.npmjs.org/react-reconciler/-/react-reconciler-0.25.1.tgz",
					"integrity": "sha512-R5UwsIvRcSs3w8n9k3tBoTtUHdVhu9u84EG7E5M0Jk9F5i6DA1pQzPfUZd6opYWGy56MJOtV3VADzy6DRwYDjw==",
					"dev": true,
					"requires": {
						"loose-envify": "^1.1.0",
						"object-assign": "^4.1.1",
						"prop-types": "^15.6.2",
						"scheduler": "^0.19.1"
					}
				},
				"scheduler": {
					"version": "0.19.1",
					"resolved": "https://registry.npmjs.org/scheduler/-/scheduler-0.19.1.tgz",
					"integrity": "sha512-n/zwRWRYSUj0/3g/otKDRPMh6qv2SYMWNq85IEa8iZyAv8od9zDYpGSnpBEjNgcMNq6Scbu5KfIPxNF72R/2EA==",
					"dev": true,
					"requires": {
						"loose-envify": "^1.1.0",
						"object-assign": "^4.1.1"
					}
				}
			}
		},
		"@pluginsdotdev/sanitizers": {
			"version": "file:../sanitizers",
			"requires": {
				"murmurhash-js": "^1.0.0",
				"url": "^0.11.0"
			},
			"dependencies": {
				"@pluginsdotdev/style-types": {
					"version": "0.0.1"
				},
				"murmurhash-js": {
					"version": "1.0.0",
					"resolved": "https://registry.npmjs.org/murmurhash-js/-/murmurhash-js-1.0.0.tgz",
					"integrity": "sha1-sGJ44h/Gw3+lMTcysEEry2rhX1E="
				},
				"punycode": {
					"version": "1.3.2",
					"resolved": "https://registry.npmjs.org/punycode/-/punycode-1.3.2.tgz",
					"integrity": "sha1-llOgNvt8HuQjQvIyXM7v6jkmxI0="
				},
				"querystring": {
					"version": "0.2.0",
					"resolved": "https://registry.npmjs.org/querystring/-/querystring-0.2.0.tgz",
					"integrity": "sha1-sgmEkgO7Jd+CDadW50cAWHhSFiA="
				},
				"url": {
					"version": "0.11.0",
					"resolved": "https://registry.npmjs.org/url/-/url-0.11.0.tgz",
					"integrity": "sha1-ODjpfPxgUh63PFJajlW/3Z4uKPE=",
					"requires": {
						"punycode": "1.3.2",
						"querystring": "0.2.0"
					}
				}
			}
		},
		"@pluginsdotdev/style-types": {
			"version": "file:../style-types"
		},
		"@pluginsdotdev/style-utils": {
			"version": "file:../style-utils",
			"requires": {
				"@pluginsdotdev/sanitizers": "file:../sanitizers"
			},
			"dependencies": {
				"@pluginsdotdev/sanitizers": {
					"version": "file:../sanitizers",
					"requires": {
						"murmurhash-js": "^1.0.0",
						"url": "^0.11.0"
					},
					"dependencies": {
						"@pluginsdotdev/style-types": {
							"version": "0.0.1"
						},
						"murmurhash-js": {
							"version": "1.0.0",
							"resolved": "https://registry.npmjs.org/murmurhash-js/-/murmurhash-js-1.0.0.tgz",
							"integrity": "sha1-sGJ44h/Gw3+lMTcysEEry2rhX1E="
						},
						"punycode": {
							"version": "1.3.2",
							"resolved": "https://registry.npmjs.org/punycode/-/punycode-1.3.2.tgz",
							"integrity": "sha1-llOgNvt8HuQjQvIyXM7v6jkmxI0="
						},
						"querystring": {
							"version": "0.2.0",
							"resolved": "https://registry.npmjs.org/querystring/-/querystring-0.2.0.tgz",
							"integrity": "sha1-sgmEkgO7Jd+CDadW50cAWHhSFiA="
						},
						"url": {
							"version": "0.11.0",
							"resolved": "https://registry.npmjs.org/url/-/url-0.11.0.tgz",
							"integrity": "sha1-ODjpfPxgUh63PFJajlW/3Z4uKPE=",
							"requires": {
								"punycode": "1.3.2",
								"querystring": "0.2.0"
							}
						}
					}
				}
			}
		},
		"@pluginsdotdev/test-utils": {
			"version": "file:../test-utils",
			"dev": true
		},
		"murmurhash-js": {
			"version": "1.0.0",
			"resolved": "https://registry.npmjs.org/murmurhash-js/-/murmurhash-js-1.0.0.tgz",
			"integrity": "sha1-sGJ44h/Gw3+lMTcysEEry2rhX1E="
		},
		"punycode": {
			"version": "1.3.2",
			"resolved": "https://registry.npmjs.org/punycode/-/punycode-1.3.2.tgz",
			"integrity": "sha1-llOgNvt8HuQjQvIyXM7v6jkmxI0="
		},
		"querystring": {
			"version": "0.2.0",
			"resolved": "https://registry.npmjs.org/querystring/-/querystring-0.2.0.tgz",
			"integrity": "sha1-sgmEkgO7Jd+CDadW50cAWHhSFiA="
		},
		"url": {
			"version": "0.11.0",
			"resolved": "https://registry.npmjs.org/url/-/url-0.11.0.tgz",
			"integrity": "sha1-ODjpfPxgUh63PFJajlW/3Z4uKPE=",
			"requires": {
				"punycode": "1.3.2",
				"querystring": "0.2.0"
			}
		}
	}
}
