{
  "name": "@pluginsdotdev/plugin",
  "version": "0.0.1",
  "lockfileVersion": 1,
  "requires": true,
  "dependencies": {
    "@pluginsdotdev/bridge": {
      "version": "file:../bridge",
      "requires": {
        "loose-envify": "^1.4.0"
      },
      "dependencies": {
        "@pluginsdotdev/test-utils": {
          "version": "0.0.0"
        },
        "js-tokens": {
          "version": "4.0.0",
          "resolved": "https://registry.npmjs.org/js-tokens/-/js-tokens-4.0.0.tgz",
          "integrity": "sha512-RdJUflcE3cUzKiMqQgsCu06FPu9UdIJO0beYbPhHN4k6apgJtifcoCtT9bcxOpYBtpD2kCM6Sbzg4CausW/PKQ=="
        },
        "loose-envify": {
          "version": "1.4.0",
          "resolved": "https://registry.npmjs.org/loose-envify/-/loose-envify-1.4.0.tgz",
          "integrity": "sha512-lyuxPGr/Wfhrlem2CL/UcnUc1zcqKAImBDzukY7Y5F/yQiNdko6+fRLevlw1HgMySw7f611UIY408EtxRSoK3Q==",
          "requires": {
            "js-tokens": "^3.0.0 || ^4.0.0"
          }
        }
      }
    },
    "@pluginsdotdev/style-utils": {
      "version": "file:../style-utils",
      "requires": {
        "@pluginsdotdev/sanitizers": "file:../sanitizers"
      },
      "dependencies": {
        "@pluginsdotdev/sanitizers": {
          "version": "file:../sanitizers",
          "requires": {
            "murmurhash-js": "^1.0.0",
            "url": "^0.11.0"
          },
          "dependencies": {
            "@pluginsdotdev/style-types": {
              "version": "0.0.1"
            },
            "murmurhash-js": {
              "version": "1.0.0",
              "resolved": "https://registry.npmjs.org/murmurhash-js/-/murmurhash-js-1.0.0.tgz",
              "integrity": "sha1-sGJ44h/Gw3+lMTcysEEry2rhX1E="
            },
            "punycode": {
              "version": "1.3.2",
              "resolved": "https://registry.npmjs.org/punycode/-/punycode-1.3.2.tgz",
              "integrity": "sha1-llOgNvt8HuQjQvIyXM7v6jkmxI0="
            },
            "querystring": {
              "version": "0.2.0",
              "resolved": "https://registry.npmjs.org/querystring/-/querystring-0.2.0.tgz",
              "integrity": "sha1-sgmEkgO7Jd+CDadW50cAWHhSFiA="
            },
            "url": {
              "version": "0.11.0",
              "resolved": "https://registry.npmjs.org/url/-/url-0.11.0.tgz",
              "integrity": "sha1-ODjpfPxgUh63PFJajlW/3Z4uKPE=",
              "requires": {
                "punycode": "1.3.2",
                "querystring": "0.2.0"
              }
            }
          }
        }
      }
    },
    "@pluginsdotdev/test-utils": {
      "version": "file:../test-utils",
      "dev": true
    },
    "punycode": {
      "version": "1.3.2",
      "resolved": "https://registry.npmjs.org/punycode/-/punycode-1.3.2.tgz",
      "integrity": "sha1-llOgNvt8HuQjQvIyXM7v6jkmxI0="
    },
    "querystring": {
      "version": "0.2.0",
      "resolved": "https://registry.npmjs.org/querystring/-/querystring-0.2.0.tgz",
      "integrity": "sha1-sgmEkgO7Jd+CDadW50cAWHhSFiA="
    },
    "url": {
      "version": "0.11.0",
      "resolved": "https://registry.npmjs.org/url/-/url-0.11.0.tgz",
      "integrity": "sha1-ODjpfPxgUh63PFJajlW/3Z4uKPE=",
      "requires": {
        "punycode": "1.3.2",
        "querystring": "0.2.0"
      }
    }
  }
}
